{
  "version": 4,
  "terraform_version": "1.1.5",
  "serial": 83,
  "lineage": "36665d11-0e29-e903-8826-791fa25e33d3",
  "outputs": {
    "external_ip_address_node01_yandex_cloud": {
      "value": "62.84.119.249",
      "type": "string"
    },
    "internal_ip_address_node01_yandex_cloud": {
      "value": "192.168.101.31",
      "type": "string"
    }
  },
  "resources": [
    {
      "mode": "managed",
      "type": "yandex_compute_instance",
      "name": "node01",
      "provider": "provider[\"registry.terraform.io/yandex-cloud/yandex\"]",
      "instances": [
        {
          "schema_version": 1,
          "attributes": {
            "allow_stopping_for_update": true,
            "boot_disk": [
              {
                "auto_delete": true,
                "device_name": "fhmjj3m53f3n72lau6ld",
                "disk_id": "fhmjj3m53f3n72lau6ld",
                "initialize_params": [
                  {
                    "description": "",
                    "image_id": "fd82eeak4d6ssbg6151u",
                    "name": "root-node01",
                    "size": 50,
                    "snapshot_id": "",
                    "type": "network-ssd"
                  }
                ],
                "mode": "READ_WRITE"
              }
            ],
            "created_at": "2022-02-16T17:19:26Z",
            "description": "",
            "folder_id": "b1g82tojtne9luuk16s5",
            "fqdn": "node01.netology.cloud",
            "hostname": "node01",
            "id": "fhmrq2e571poo9ll86i3",
            "labels": null,
            "metadata": {
              "ssh-keys": "centos:ssh-rsa AAAAB3NzaC1yc2EAAAADAQABAAABAQC2ySibkctXGW1VHz9v14eVHvkG/rGi5SpYcfk0FotFsvOPeGwiyRmNw7+Cb+UZwesd+nfABWSNiMVOpmaxWTcpyzVGKKcU7azHB2pBF8WLPbeinXpwdR7N5vmVQVebo+lQBG2bNLQXyEUbICGsSIrzXc5nZLP9Zhzpjd1jMAzhNU3ve34TQlMyYhrGwTHRt4emSjs7nZ51+oNPO9vxifoPh+oMju4Se2TMy/E0INeuq7iK+wE/GUhzkYWRnsWss6YGTUVKMoHx0VFKrvER+paaswgLzba0Ez6cSOOE8nR78wHieilgekaOlyHEPJrprRUASYUdmCqYylcMVNjNvuGv \n"
            },
            "name": "node01",
            "network_acceleration_type": "standard",
            "network_interface": [
              {
                "dns_record": [],
                "index": 0,
                "ip_address": "192.168.101.31",
                "ipv4": true,
                "ipv6": false,
                "ipv6_address": "",
                "ipv6_dns_record": [],
                "mac_address": "d0:0d:1b:d0:9c:53",
                "nat": true,
                "nat_dns_record": [],
                "nat_ip_address": "62.84.119.249",
                "nat_ip_version": "IPV4",
                "security_group_ids": [],
                "subnet_id": "e9b78dd6ti19kcr7k0bn"
              }
            ],
            "placement_policy": [
              {
                "placement_group_id": ""
              }
            ],
            "platform_id": "standard-v1",
            "resources": [
              {
                "core_fraction": 100,
                "cores": 2,
                "gpus": 0,
                "memory": 4
              }
            ],
            "scheduling_policy": [
              {
                "preemptible": false
              }
            ],
            "secondary_disk": [],
            "service_account_id": "",
            "status": "running",
            "timeouts": null,
            "zone": "ru-central1-a"
          },
          "sensitive_attributes": [],
          "private": "eyJlMmJmYjczMC1lY2FhLTExZTYtOGY4OC0zNDM2M2JjN2M0YzAiOnsiY3JlYXRlIjozMDAwMDAwMDAwMDAsImRlbGV0ZSI6MzAwMDAwMDAwMDAwLCJ1cGRhdGUiOjMwMDAwMDAwMDAwMH0sInNjaGVtYV92ZXJzaW9uIjoiMSJ9",
          "dependencies": [
            "yandex_vpc_network.default",
            "yandex_vpc_subnet.default"
          ]
        }
      ]
    },
    {
      "mode": "managed",
      "type": "yandex_vpc_network",
      "name": "default",
      "provider": "provider[\"registry.terraform.io/yandex-cloud/yandex\"]",
      "instances": [
        {
          "schema_version": 0,
          "attributes": {
            "created_at": "2022-02-16T17:19:24Z",
            "default_security_group_id": "",
            "description": "",
            "folder_id": "b1g82tojtne9luuk16s5",
            "id": "enpf4ia4lb0onq8oq0ka",
            "labels": {},
            "name": "net",
            "subnet_ids": [],
            "timeouts": null
          },
          "sensitive_attributes": [],
          "private": "eyJlMmJmYjczMC1lY2FhLTExZTYtOGY4OC0zNDM2M2JjN2M0YzAiOnsiY3JlYXRlIjo2MDAwMDAwMDAwMCwiZGVsZXRlIjo2MDAwMDAwMDAwMCwidXBkYXRlIjo2MDAwMDAwMDAwMH19"
        }
      ]
    },
    {
      "mode": "managed",
      "type": "yandex_vpc_subnet",
      "name": "default",
      "provider": "provider[\"registry.terraform.io/yandex-cloud/yandex\"]",
      "instances": [
        {
          "schema_version": 0,
          "attributes": {
            "created_at": "2022-02-16T17:19:25Z",
            "description": "",
            "dhcp_options": [],
            "folder_id": "b1g82tojtne9luuk16s5",
            "id": "e9b78dd6ti19kcr7k0bn",
            "labels": {},
            "name": "subnet",
            "network_id": "enpf4ia4lb0onq8oq0ka",
            "route_table_id": "",
            "timeouts": null,
            "v4_cidr_blocks": [
              "192.168.101.0/24"
            ],
            "v6_cidr_blocks": [],
            "zone": "ru-central1-a"
          },
          "sensitive_attributes": [],
          "private": "eyJlMmJmYjczMC1lY2FhLTExZTYtOGY4OC0zNDM2M2JjN2M0YzAiOnsiY3JlYXRlIjoxODAwMDAwMDAwMDAsImRlbGV0ZSI6MTgwMDAwMDAwMDAwLCJ1cGRhdGUiOjE4MDAwMDAwMDAwMH19",
          "dependencies": [
            "yandex_vpc_network.default"
          ]
        }
      ]
    }
  ]
}
