{
  "version": 4,
  "terraform_version": "1.1.5",
  "serial": 59,
  "lineage": "36665d11-0e29-e903-8826-791fa25e33d3",
  "outputs": {
    "external_ip_address_node01_yandex_cloud": {
      "value": "178.154.201.124",
      "type": "string"
    },
    "internal_ip_address_node01_yandex_cloud": {
      "value": "192.168.101.21",
      "type": "string"
    }
  },
  "resources": [
    {
      "mode": "managed",
      "type": "yandex_compute_instance",
      "name": "node01",
      "provider": "provider[\"registry.terraform.io/yandex-cloud/yandex\"]",
      "instances": [
        {
          "schema_version": 1,
          "attributes": {
            "allow_stopping_for_update": true,
            "boot_disk": [
              {
                "auto_delete": true,
                "device_name": "fhmj8rhm4ceo72po8c6b",
                "disk_id": "fhmj8rhm4ceo72po8c6b",
                "initialize_params": [
                  {
                    "description": "",
                    "image_id": "fd8g01ibdhhg45v2g0kv",
                    "name": "root-node01",
                    "size": 50,
                    "snapshot_id": "",
                    "type": "network-ssd"
                  }
                ],
                "mode": "READ_WRITE"
              }
            ],
            "created_at": "2022-02-13T12:39:50Z",
            "description": "",
            "folder_id": "b1g82tojtne9luuk16s5",
            "fqdn": "node01.netology.cloud",
            "hostname": "node01",
            "id": "fhmbnbafietm09p0d095",
            "labels": null,
            "metadata": {
              "ssh-keys": "anantahari:ssh-rsa AAAAB3NzaC1yc2EAAAADAQABAAABAQC/tW6BQqqia/oxKs2PyxURxE0IcJQzqfZL1224Z9Frv6MVddKBh13/og8tVnEsV03QSKVMJSQk+1744m/NM7LmvPbJmg20Ywp1S8PWrKOhgHCL0BWgZqoT7968EsLOt8P5v6Lwlqmq8o0oSkFbVI946+MVIxz+jANhaSNVPD0fcIgcNXWZTXaDquq0l+VtsB91PkqYeFeW8vFPtMrlN/xh0llthcBznwokK2FEdKIk0H3fYMSm6kDe/UBDDNB0sgRu/E69bSwxaRJrH9MCrd3VEAXsaJcU5PrJqR00/NR914f1LbEtekIbZrJWEetDMSwWmbQ84f8/7bzC2KQe2zKJ anantahari@MacBook-Air-Aleksandr.local\n"
            },
            "name": "node01",
            "network_acceleration_type": "standard",
            "network_interface": [
              {
                "dns_record": [],
                "index": 0,
                "ip_address": "192.168.101.21",
                "ipv4": true,
                "ipv6": false,
                "ipv6_address": "",
                "ipv6_dns_record": [],
                "mac_address": "d0:0d:bb:ad:4f:93",
                "nat": true,
                "nat_dns_record": [],
                "nat_ip_address": "178.154.201.124",
                "nat_ip_version": "IPV4",
                "security_group_ids": [],
                "subnet_id": "e9bi3pgr3breegdrmgch"
              }
            ],
            "placement_policy": [
              {
                "placement_group_id": ""
              }
            ],
            "platform_id": "standard-v1",
            "resources": [
              {
                "core_fraction": 100,
                "cores": 2,
                "gpus": 0,
                "memory": 4
              }
            ],
            "scheduling_policy": [
              {
                "preemptible": false
              }
            ],
            "secondary_disk": [],
            "service_account_id": "",
            "status": "running",
            "timeouts": null,
            "zone": "ru-central1-a"
          },
          "sensitive_attributes": [],
          "private": "eyJlMmJmYjczMC1lY2FhLTExZTYtOGY4OC0zNDM2M2JjN2M0YzAiOnsiY3JlYXRlIjozMDAwMDAwMDAwMDAsImRlbGV0ZSI6MzAwMDAwMDAwMDAwLCJ1cGRhdGUiOjMwMDAwMDAwMDAwMH0sInNjaGVtYV92ZXJzaW9uIjoiMSJ9",
          "dependencies": [
            "yandex_vpc_network.default",
            "yandex_vpc_subnet.default"
          ]
        }
      ]
    },
    {
      "mode": "managed",
      "type": "yandex_vpc_network",
      "name": "default",
      "provider": "provider[\"registry.terraform.io/yandex-cloud/yandex\"]",
      "instances": [
        {
          "schema_version": 0,
          "attributes": {
            "created_at": "2022-02-13T12:39:48Z",
            "default_security_group_id": "",
            "description": "",
            "folder_id": "b1g82tojtne9luuk16s5",
            "id": "enpp6sesombmeepe6djs",
            "labels": {},
            "name": "net",
            "subnet_ids": [],
            "timeouts": null
          },
          "sensitive_attributes": [],
          "private": "eyJlMmJmYjczMC1lY2FhLTExZTYtOGY4OC0zNDM2M2JjN2M0YzAiOnsiY3JlYXRlIjo2MDAwMDAwMDAwMCwiZGVsZXRlIjo2MDAwMDAwMDAwMCwidXBkYXRlIjo2MDAwMDAwMDAwMH19"
        }
      ]
    },
    {
      "mode": "managed",
      "type": "yandex_vpc_subnet",
      "name": "default",
      "provider": "provider[\"registry.terraform.io/yandex-cloud/yandex\"]",
      "instances": [
        {
          "schema_version": 0,
          "attributes": {
            "created_at": "2022-02-13T12:39:48Z",
            "description": "",
            "dhcp_options": [],
            "folder_id": "b1g82tojtne9luuk16s5",
            "id": "e9bi3pgr3breegdrmgch",
            "labels": {},
            "name": "subnet",
            "network_id": "enpp6sesombmeepe6djs",
            "route_table_id": "",
            "timeouts": null,
            "v4_cidr_blocks": [
              "192.168.101.0/24"
            ],
            "v6_cidr_blocks": [],
            "zone": "ru-central1-a"
          },
          "sensitive_attributes": [],
          "private": "eyJlMmJmYjczMC1lY2FhLTExZTYtOGY4OC0zNDM2M2JjN2M0YzAiOnsiY3JlYXRlIjoxODAwMDAwMDAwMDAsImRlbGV0ZSI6MTgwMDAwMDAwMDAwLCJ1cGRhdGUiOjE4MDAwMDAwMDAwMH19",
          "dependencies": [
            "yandex_vpc_network.default"
          ]
        }
      ]
    }
  ]
}
