{
  "version": 4,
  "terraform_version": "1.0.11",
  "serial": 22,
  "lineage": "36665d11-0e29-e903-8826-791fa25e33d3",
  "outputs": {
    "external_ip_address_node01_yandex_cloud": {
      "value": "51.250.9.4",
      "type": "string"
    },
    "internal_ip_address_node01_yandex_cloud": {
      "value": "192.168.101.28",
      "type": "string"
    }
  },
  "resources": [
    {
      "mode": "managed",
      "type": "yandex_compute_instance",
      "name": "node01",
      "provider": "provider[\"registry.terraform.io/yandex-cloud/yandex\"]",
      "instances": [
        {
          "schema_version": 1,
          "attributes": {
            "allow_stopping_for_update": true,
            "boot_disk": [
              {
                "auto_delete": true,
                "device_name": "fhm9q9nt1a8e7f3f9geg",
                "disk_id": "fhm9q9nt1a8e7f3f9geg",
                "initialize_params": [
                  {
                    "description": "",
                    "image_id": "fd80mpojcq6mssdd07gp",
                    "name": "root-node01",
                    "size": 50,
                    "snapshot_id": "",
                    "type": "network-ssd"
                  }
                ],
                "mode": "READ_WRITE"
              }
            ],
            "created_at": "2021-11-15T11:29:26Z",
            "description": "",
            "folder_id": "b1g82tojtne9luuk16s5",
            "fqdn": "node01.netology.cloud",
            "hostname": "node01",
            "id": "fhmi88g1bfv3h9d1qrj1",
            "labels": null,
            "metadata": {
              "ssh-keys": "centos:ssh-rsa AAAAB3NzaC1yc2EAAAADAQABAAABgQDnaCU4VmaXdSbZPxpYmcXWAtqN70JdzetihVwErjjfCkXxZ98uIb4Tr/puxT3zCXgD+vtP7jLwolAOvlUBThyUDofGUB3kwWGfGmHdkWzLa5BsskesuhwTMhlqKGcFWZ1F2zl7QkNwYlnvYujoGNq14nW/Rwy3CAMkgWhuRAq3WC4nAFgjJxOCsZhE5nraDA1V7a/fyizvj5ygOTalA3612VOe8wwcdZuU6tnmxAOaIMOqHPCJeaM5sblkwhlFchJprWXUTfK2O7r4FPmX5I82Ji9Agjw46tvt7D9Vh8qV1tEOQB4YW/WB5NvXyLnQsAjLQuEhWFWrYBN/d+80PyQxEAyp19iT0DoBRGlzoa+A9YlD0LarY8K5nCajUUUrJ2AZkiEgv+wmCUj5wssxB7irFh8NvRHVRXr6w7AHFVj76bYmU0KQTHEtpODLbk4icPiZn9zKPir9xuVFx973yxhjuimKSKIvJnBFMoAPLQ6cPWlR+uhGMuH0zDOYDzei55E= anantahari@ubuntu\n"
            },
            "name": "node01",
            "network_acceleration_type": "standard",
            "network_interface": [
              {
                "dns_record": [],
                "index": 0,
                "ip_address": "192.168.101.28",
                "ipv4": true,
                "ipv6": false,
                "ipv6_address": "",
                "ipv6_dns_record": [],
                "mac_address": "d0:0d:12:42:20:15",
                "nat": true,
                "nat_dns_record": [],
                "nat_ip_address": "51.250.9.4",
                "nat_ip_version": "IPV4",
                "security_group_ids": [],
                "subnet_id": "e9b8jik5fuohh0qasoa5"
              }
            ],
            "placement_policy": [
              {
                "placement_group_id": ""
              }
            ],
            "platform_id": "standard-v1",
            "resources": [
              {
                "core_fraction": 100,
                "cores": 8,
                "gpus": 0,
                "memory": 8
              }
            ],
            "scheduling_policy": [
              {
                "preemptible": false
              }
            ],
            "secondary_disk": [],
            "service_account_id": "",
            "status": "running",
            "timeouts": null,
            "zone": "ru-central1-a"
          },
          "sensitive_attributes": [],
          "private": "eyJlMmJmYjczMC1lY2FhLTExZTYtOGY4OC0zNDM2M2JjN2M0YzAiOnsiY3JlYXRlIjozMDAwMDAwMDAwMDAsImRlbGV0ZSI6MzAwMDAwMDAwMDAwLCJ1cGRhdGUiOjMwMDAwMDAwMDAwMH0sInNjaGVtYV92ZXJzaW9uIjoiMSJ9",
          "dependencies": [
            "yandex_vpc_subnet.default"
          ]
        }
      ]
    },
    {
      "mode": "managed",
      "type": "yandex_compute_instance",
      "name": "node02",
      "provider": "provider[\"registry.terraform.io/yandex-cloud/yandex\"]",
      "instances": [
        {
          "schema_version": 1,
          "attributes": {
            "allow_stopping_for_update": true,
            "boot_disk": [
              {
                "auto_delete": true,
                "device_name": "fhm76j9c9g1dmch8btn3",
                "disk_id": "fhm76j9c9g1dmch8btn3",
                "initialize_params": [
                  {
                    "description": "",
                    "image_id": "fd80mpojcq6mssdd07gp",
                    "name": "root-node02",
                    "size": 50,
                    "snapshot_id": "",
                    "type": "network-ssd"
                  }
                ],
                "mode": "READ_WRITE"
              }
            ],
            "created_at": "2021-11-15T11:29:14Z",
            "description": "",
            "folder_id": "b1g82tojtne9luuk16s5",
            "fqdn": "node02.netology.cloud",
            "hostname": "node02",
            "id": "fhma1fiivkqv032jtmn8",
            "labels": null,
            "metadata": {
              "ssh-keys": "centos:ssh-rsa AAAAB3NzaC1yc2EAAAADAQABAAABgQDnaCU4VmaXdSbZPxpYmcXWAtqN70JdzetihVwErjjfCkXxZ98uIb4Tr/puxT3zCXgD+vtP7jLwolAOvlUBThyUDofGUB3kwWGfGmHdkWzLa5BsskesuhwTMhlqKGcFWZ1F2zl7QkNwYlnvYujoGNq14nW/Rwy3CAMkgWhuRAq3WC4nAFgjJxOCsZhE5nraDA1V7a/fyizvj5ygOTalA3612VOe8wwcdZuU6tnmxAOaIMOqHPCJeaM5sblkwhlFchJprWXUTfK2O7r4FPmX5I82Ji9Agjw46tvt7D9Vh8qV1tEOQB4YW/WB5NvXyLnQsAjLQuEhWFWrYBN/d+80PyQxEAyp19iT0DoBRGlzoa+A9YlD0LarY8K5nCajUUUrJ2AZkiEgv+wmCUj5wssxB7irFh8NvRHVRXr6w7AHFVj76bYmU0KQTHEtpODLbk4icPiZn9zKPir9xuVFx973yxhjuimKSKIvJnBFMoAPLQ6cPWlR+uhGMuH0zDOYDzei55E= anantahari@ubuntu\n"
            },
            "name": "node02",
            "network_acceleration_type": "standard",
            "network_interface": [
              {
                "dns_record": [],
                "index": 0,
                "ip_address": "192.168.101.13",
                "ipv4": true,
                "ipv6": false,
                "ipv6_address": "",
                "ipv6_dns_record": [],
                "mac_address": "d0:0d:a0:be:52:fd",
                "nat": true,
                "nat_dns_record": [],
                "nat_ip_address": "51.250.1.212",
                "nat_ip_version": "IPV4",
                "security_group_ids": [],
                "subnet_id": "e9b8jik5fuohh0qasoa5"
              }
            ],
            "placement_policy": [
              {
                "placement_group_id": ""
              }
            ],
            "platform_id": "standard-v1",
            "resources": [
              {
                "core_fraction": 100,
                "cores": 8,
                "gpus": 0,
                "memory": 8
              }
            ],
            "scheduling_policy": [
              {
                "preemptible": false
              }
            ],
            "secondary_disk": [],
            "service_account_id": "",
            "status": "running",
            "timeouts": null,
            "zone": "ru-central1-a"
          },
          "sensitive_attributes": [],
          "private": "eyJlMmJmYjczMC1lY2FhLTExZTYtOGY4OC0zNDM2M2JjN2M0YzAiOnsiY3JlYXRlIjozMDAwMDAwMDAwMDAsImRlbGV0ZSI6MzAwMDAwMDAwMDAwLCJ1cGRhdGUiOjMwMDAwMDAwMDAwMH0sInNjaGVtYV92ZXJzaW9uIjoiMSJ9",
          "dependencies": [
            "yandex_vpc_subnet.default"
          ]
        }
      ]
    },
    {
      "mode": "managed",
      "type": "yandex_vpc_network",
      "name": "default",
      "provider": "provider[\"registry.terraform.io/yandex-cloud/yandex\"]",
      "instances": [
        {
          "schema_version": 0,
          "attributes": {
            "created_at": "2021-11-15T11:23:57Z",
            "default_security_group_id": "",
            "description": "",
            "folder_id": "b1g82tojtne9luuk16s5",
            "id": "enp6jfvsmffsj2ld8toq",
            "labels": {},
            "name": "net",
            "subnet_ids": [
              "e9b8jik5fuohh0qasoa5"
            ],
            "timeouts": null
          },
          "sensitive_attributes": [],
          "private": "eyJlMmJmYjczMC1lY2FhLTExZTYtOGY4OC0zNDM2M2JjN2M0YzAiOnsiY3JlYXRlIjo2MDAwMDAwMDAwMCwiZGVsZXRlIjo2MDAwMDAwMDAwMCwidXBkYXRlIjo2MDAwMDAwMDAwMH19"
        }
      ]
    },
    {
      "mode": "managed",
      "type": "yandex_vpc_subnet",
      "name": "default",
      "provider": "provider[\"registry.terraform.io/yandex-cloud/yandex\"]",
      "instances": [
        {
          "schema_version": 0,
          "attributes": {
            "created_at": "2021-11-15T11:23:58Z",
            "description": "",
            "dhcp_options": [],
            "folder_id": "b1g82tojtne9luuk16s5",
            "id": "e9b8jik5fuohh0qasoa5",
            "labels": {},
            "name": "subnet",
            "network_id": "enp6jfvsmffsj2ld8toq",
            "route_table_id": "",
            "timeouts": null,
            "v4_cidr_blocks": [
              "192.168.101.0/24"
            ],
            "v6_cidr_blocks": [],
            "zone": "ru-central1-a"
          },
          "sensitive_attributes": [],
          "private": "eyJlMmJmYjczMC1lY2FhLTExZTYtOGY4OC0zNDM2M2JjN2M0YzAiOnsiY3JlYXRlIjoxODAwMDAwMDAwMDAsImRlbGV0ZSI6MTgwMDAwMDAwMDAwLCJ1cGRhdGUiOjE4MDAwMDAwMDAwMH19",
          "dependencies": [
            "yandex_vpc_network.default"
          ]
        }
      ]
    }
  ]
}
